// !$*UTF8*$!
{
	archiveVersion = 1;
	classes = {
	};
	objectVersion = 46;
	objects = {

/* Begin PBXBuildFile section */
		31B217151FF8D0F500B28EEF /* AppDelegate.swift in Sources */ = {isa = PBXBuildFile; fileRef = 31B217141FF8D0F500B28EEF /* AppDelegate.swift */; };
		31B217171FF8D0F500B28EEF /* ViewController.swift in Sources */ = {isa = PBXBuildFile; fileRef = 31B217161FF8D0F500B28EEF /* ViewController.swift */; };
		31B2171A1FF8D0F500B28EEF /* Main.storyboard in Resources */ = {isa = PBXBuildFile; fileRef = 31B217181FF8D0F500B28EEF /* Main.storyboard */; };
		31B2171C1FF8D0F500B28EEF /* Assets.xcassets in Resources */ = {isa = PBXBuildFile; fileRef = 31B2171B1FF8D0F500B28EEF /* Assets.xcassets */; };
		31B2171F1FF8D0F500B28EEF /* LaunchScreen.storyboard in Resources */ = {isa = PBXBuildFile; fileRef = 31B2171D1FF8D0F500B28EEF /* LaunchScreen.storyboard */; };
		31B2172A1FF8D0F500B28EEF /* SecondKadaiAppTests.swift in Sources */ = {isa = PBXBuildFile; fileRef = 31B217291FF8D0F500B28EEF /* SecondKadaiAppTests.swift */; };
		31B217351FF8D0F600B28EEF /* SecondKadaiAppUITests.swift in Sources */ = {isa = PBXBuildFile; fileRef = 31B217341FF8D0F600B28EEF /* SecondKadaiAppUITests.swift */; };
/* End PBXBuildFile section */

/* Begin PBXContainerItemProxy section */
		31B217261FF8D0F500B28EEF /* PBXContainerItemProxy */ = {
			isa = PBXContainerItemProxy;
			containerPortal = 31B217091FF8D0F500B28EEF /* Project object */;
			proxyType = 1;
			remoteGlobalIDString = 31B217101FF8D0F500B28EEF;
			remoteInfo = SecondKadaiApp;
		};
		31B217311FF8D0F600B28EEF /* PBXContainerItemProxy */ = {
			isa = PBXContainerItemProxy;
			containerPortal = 31B217091FF8D0F500B28EEF /* Project object */;
			proxyType = 1;
			remoteGlobalIDString = 31B217101FF8D0F500B28EEF;
			remoteInfo = SecondKadaiApp;
		};
/* End PBXContainerItemProxy section */

/* Begin PBXFileReference section */
		31B217111FF8D0F500B28EEF /* SecondKadaiApp.app */ = {isa = PBXFileReference; explicitFileType = wrapper.application; includeInIndex = 0; path = SecondKadaiApp.app; sourceTree = BUILT_PRODUCTS_DIR; };
		31B217141FF8D0F500B28EEF /* AppDelegate.swift */ = {isa = PBXFileReference; lastKnownFileType = sourcecode.swift; path = AppDelegate.swift; sourceTree = "<group>"; };
		31B217161FF8D0F500B28EEF /* ViewController.swift */ = {isa = PBXFileReference; lastKnownFileType = sourcecode.swift; path = ViewController.swift; sourceTree = "<group>"; };
		31B217191FF8D0F500B28EEF /* Base */ = {isa = PBXFileReference; lastKnownFileType = file.storyboard; name = Base; path = Base.lproj/Main.storyboard; sourceTree = "<group>"; };
		31B2171B1FF8D0F500B28EEF /* Assets.xcassets */ = {isa = PBXFileReference; lastKnownFileType = folder.assetcatalog; path = Assets.xcassets; sourceTree = "<group>"; };
		31B2171E1FF8D0F500B28EEF /* Base */ = {isa = PBXFileReference; lastKnownFileType = file.storyboard; name = Base; path = Base.lproj/LaunchScreen.storyboard; sourceTree = "<group>"; };
		31B217201FF8D0F500B28EEF /* Info.plist */ = {isa = PBXFileReference; lastKnownFileType = text.plist.xml; path = Info.plist; sourceTree = "<group>"; };
		31B217251FF8D0F500B28EEF /* SecondKadaiAppTests.xctest */ = {isa = PBXFileReference; explicitFileType = wrapper.cfbundle; includeInIndex = 0; path = SecondKadaiAppTests.xctest; sourceTree = BUILT_PRODUCTS_DIR; };
		31B217291FF8D0F500B28EEF /* SecondKadaiAppTests.swift */ = {isa = PBXFileReference; lastKnownFileType = sourcecode.swift; path = SecondKadaiAppTests.swift; sourceTree = "<group>"; };
		31B2172B1FF8D0F600B28EEF /* Info.plist */ = {isa = PBXFileReference; lastKnownFileType = text.plist.xml; path = Info.plist; sourceTree = "<group>"; };
		31B217301FF8D0F600B28EEF /* SecondKadaiAppUITests.xctest */ = {isa = PBXFileReference; explicitFileType = wrapper.cfbundle; includeInIndex = 0; path = SecondKadaiAppUITests.xctest; sourceTree = BUILT_PRODUCTS_DIR; };
		31B217341FF8D0F600B28EEF /* SecondKadaiAppUITests.swift */ = {isa = PBXFileReference; lastKnownFileType = sourcecode.swift; path = SecondKadaiAppUITests.swift; sourceTree = "<group>"; };
		31B217361FF8D0F600B28EEF /* Info.plist */ = {isa = PBXFileReference; lastKnownFileType = text.plist.xml; path = Info.plist; sourceTree = "<group>"; };
/* End PBXFileReference section */

/* Begin PBXFrameworksBuildPhase section */
		31B2170E1FF8D0F500B28EEF /* Frameworks */ = {
			isa = PBXFrameworksBuildPhase;
			buildActionMask = 2147483647;
			files = (
			);
			runOnlyForDeploymentPostprocessing = 0;
		};
		31B217221FF8D0F500B28EEF /* Frameworks */ = {
			isa = PBXFrameworksBuildPhase;
			buildActionMask = 2147483647;
			files = (
			);
			runOnlyForDeploymentPostprocessing = 0;
		};
		31B2172D1FF8D0F600B28EEF /* Frameworks */ = {
			isa = PBXFrameworksBuildPhase;
			buildActionMask = 2147483647;
			files = (
			);
			runOnlyForDeploymentPostprocessing = 0;
		};
/* End PBXFrameworksBuildPhase section */

/* Begin PBXGroup section */
		31B217081FF8D0F500B28EEF = {
			isa = PBXGroup;
			children = (
				31B217131FF8D0F500B28EEF /* SecondKadaiApp */,
				31B217281FF8D0F500B28EEF /* SecondKadaiAppTests */,
				31B217331FF8D0F600B28EEF /* SecondKadaiAppUITests */,
				31B217121FF8D0F500B28EEF /* Products */,
			);
			sourceTree = "<group>";
		};
		31B217121FF8D0F500B28EEF /* Products */ = {
			isa = PBXGroup;
			children = (
				31B217111FF8D0F500B28EEF /* SecondKadaiApp.app */,
				31B217251FF8D0F500B28EEF /* SecondKadaiAppTests.xctest */,
				31B217301FF8D0F600B28EEF /* SecondKadaiAppUITests.xctest */,
			);
			name = Products;
			sourceTree = "<group>";
		};
		31B217131FF8D0F500B28EEF /* SecondKadaiApp */ = {
			isa = PBXGroup;
			children = (
				31B217141FF8D0F500B28EEF /* AppDelegate.swift */,
				31B217161FF8D0F500B28EEF /* ViewController.swift */,
				31B217181FF8D0F500B28EEF /* Main.storyboard */,
				31B2171B1FF8D0F500B28EEF /* Assets.xcassets */,
				31B2171D1FF8D0F500B28EEF /* LaunchScreen.storyboard */,
				31B217201FF8D0F500B28EEF /* Info.plist */,
			);
			path = SecondKadaiApp;
			sourceTree = "<group>";
		};
		31B217281FF8D0F500B28EEF /* SecondKadaiAppTests */ = {
			isa = PBXGroup;
			children = (
				31B217291FF8D0F500B28EEF /* SecondKadaiAppTests.swift */,
				31B2172B1FF8D0F600B28EEF /* Info.plist */,
			);
			path = SecondKadaiAppTests;
			sourceTree = "<group>";
		};
		31B217331FF8D0F600B28EEF /* SecondKadaiAppUITests */ = {
			isa = PBXGroup;
			children = (
				31B217341FF8D0F600B28EEF /* SecondKadaiAppUITests.swift */,
				31B217361FF8D0F600B28EEF /* Info.plist */,
			);
			path = SecondKadaiAppUITests;
			sourceTree = "<group>";
		};
/* End PBXGroup section */

/* Begin PBXNativeTarget section */
		31B217101FF8D0F500B28EEF /* SecondKadaiApp */ = {
			isa = PBXNativeTarget;
			buildConfigurationList = 31B217391FF8D0F600B28EEF /* Build configuration list for PBXNativeTarget "SecondKadaiApp" */;
			buildPhases = (
				31B2170D1FF8D0F500B28EEF /* Sources */,
				31B2170E1FF8D0F500B28EEF /* Frameworks */,
				31B2170F1FF8D0F500B28EEF /* Resources */,
			);
			buildRules = (
			);
			dependencies = (
			);
			name = SecondKadaiApp;
			productName = SecondKadaiApp;
			productReference = 31B217111FF8D0F500B28EEF /* SecondKadaiApp.app */;
			productType = "com.apple.product-type.application";
		};
		31B217241FF8D0F500B28EEF /* SecondKadaiAppTests */ = {
			isa = PBXNativeTarget;
			buildConfigurationList = 31B2173C1FF8D0F600B28EEF /* Build configuration list for PBXNativeTarget "SecondKadaiAppTests" */;
			buildPhases = (
				31B217211FF8D0F500B28EEF /* Sources */,
				31B217221FF8D0F500B28EEF /* Frameworks */,
				31B217231FF8D0F500B28EEF /* Resources */,
			);
			buildRules = (
			);
			dependencies = (
				31B217271FF8D0F500B28EEF /* PBXTargetDependency */,
			);
			name = SecondKadaiAppTests;
			productName = SecondKadaiAppTests;
			productReference = 31B217251FF8D0F500B28EEF /* SecondKadaiAppTests.xctest */;
			productType = "com.apple.product-type.bundle.unit-test";
		};
		31B2172F1FF8D0F600B28EEF /* SecondKadaiAppUITests */ = {
			isa = PBXNativeTarget;
			buildConfigurationList = 31B2173F1FF8D0F600B28EEF /* Build configuration list for PBXNativeTarget "SecondKadaiAppUITests" */;
			buildPhases = (
				31B2172C1FF8D0F600B28EEF /* Sources */,
				31B2172D1FF8D0F600B28EEF /* Frameworks */,
				31B2172E1FF8D0F600B28EEF /* Resources */,
			);
			buildRules = (
			);
			dependencies = (
				31B217321FF8D0F600B28EEF /* PBXTargetDependency */,
			);
			name = SecondKadaiAppUITests;
			productName = SecondKadaiAppUITests;
			productReference = 31B217301FF8D0F600B28EEF /* SecondKadaiAppUITests.xctest */;
			productType = "com.apple.product-type.bundle.ui-testing";
		};
/* End PBXNativeTarget section */

/* Begin PBXProject section */
		31B217091FF8D0F500B28EEF /* Project object */ = {
			isa = PBXProject;
			attributes = {
				LastSwiftUpdateCheck = 0830;
				LastUpgradeCheck = 0830;
				ORGANIZATIONNAME = tatsuki.oonishi;
				TargetAttributes = {
					31B217101FF8D0F500B28EEF = {
						CreatedOnToolsVersion = 8.3.3;
						ProvisioningStyle = Automatic;
					};
					31B217241FF8D0F500B28EEF = {
						CreatedOnToolsVersion = 8.3.3;
						ProvisioningStyle = Automatic;
						TestTargetID = 31B217101FF8D0F500B28EEF;
					};
					31B2172F1FF8D0F600B28EEF = {
						CreatedOnToolsVersion = 8.3.3;
						ProvisioningStyle = Automatic;
						TestTargetID = 31B217101FF8D0F500B28EEF;
					};
				};
			};
			buildConfigurationList = 31B2170C1FF8D0F500B28EEF /* Build configuration list for PBXProject "SecondKadaiApp" */;
			compatibilityVersion = "Xcode 3.2";
			developmentRegion = English;
			hasScannedForEncodings = 0;
			knownRegions = (
				en,
				Base,
			);
			mainGroup = 31B217081FF8D0F500B28EEF;
			productRefGroup = 31B217121FF8D0F500B28EEF /* Products */;
			projectDirPath = "";
			projectRoot = "";
			targets = (
				31B217101FF8D0F500B28EEF /* SecondKadaiApp */,
				31B217241FF8D0F500B28EEF /* SecondKadaiAppTests */,
				31B2172F1FF8D0F600B28EEF /* SecondKadaiAppUITests */,
			);
		};
/* End PBXProject section */

/* Begin PBXResourcesBuildPhase section */
		31B2170F1FF8D0F500B28EEF /* Resources */ = {
			isa = PBXResourcesBuildPhase;
			buildActionMask = 2147483647;
			files = (
				31B2171F1FF8D0F500B28EEF /* LaunchScreen.storyboard in Resources */,
				31B2171C1FF8D0F500B28EEF /* Assets.xcassets in Resources */,
				31B2171A1FF8D0F500B28EEF /* Main.storyboard in Resources */,
			);
			runOnlyForDeploymentPostprocessing = 0;
		};
		31B217231FF8D0F500B28EEF /* Resources */ = {
			isa = PBXResourcesBuildPhase;
			buildActionMask = 2147483647;
			files = (
			);
			runOnlyForDeploymentPostprocessing = 0;
		};
		31B2172E1FF8D0F600B28EEF /* Resources */ = {
			isa = PBXResourcesBuildPhase;
			buildActionMask = 2147483647;
			files = (
			);
			runOnlyForDeploymentPostprocessing = 0;
		};
/* End PBXResourcesBuildPhase section */

/* Begin PBXSourcesBuildPhase section */
		31B2170D1FF8D0F500B28EEF /* Sources */ = {
			isa = PBXSourcesBuildPhase;
			buildActionMask = 2147483647;
			files = (
				31B217171FF8D0F500B28EEF /* ViewController.swift in Sources */,
				31B217151FF8D0F500B28EEF /* AppDelegate.swift in Sources */,
			);
			runOnlyForDeploymentPostprocessing = 0;
		};
		31B217211FF8D0F500B28EEF /* Sources */ = {
			isa = PBXSourcesBuildPhase;
			buildActionMask = 2147483647;
			files = (
				31B2172A1FF8D0F500B28EEF /* SecondKadaiAppTests.swift in Sources */,
			);
			runOnlyForDeploymentPostprocessing = 0;
		};
		31B2172C1FF8D0F600B28EEF /* Sources */ = {
			isa = PBXSourcesBuildPhase;
			buildActionMask = 2147483647;
			files = (
				31B217351FF8D0F600B28EEF /* SecondKadaiAppUITests.swift in Sources */,
			);
			runOnlyForDeploymentPostprocessing = 0;
		};
/* End PBXSourcesBuildPhase section */

/* Begin PBXTargetDependency section */
		31B217271FF8D0F500B28EEF /* PBXTargetDependency */ = {
			isa = PBXTargetDependency;
			target = 31B217101FF8D0F500B28EEF /* SecondKadaiApp */;
			targetProxy = 31B217261FF8D0F500B28EEF /* PBXContainerItemProxy */;
		};
		31B217321FF8D0F600B28EEF /* PBXTargetDependency */ = {
			isa = PBXTargetDependency;
			target = 31B217101FF8D0F500B28EEF /* SecondKadaiApp */;
			targetProxy = 31B217311FF8D0F600B28EEF /* PBXContainerItemProxy */;
		};
/* End PBXTargetDependency section */

/* Begin PBXVariantGroup section */
		31B217181FF8D0F500B28EEF /* Main.storyboard */ = {
			isa = PBXVariantGroup;
			children = (
				31B217191FF8D0F500B28EEF /* Base */,
			);
			name = Main.storyboard;
			sourceTree = "<group>";
		};
		31B2171D1FF8D0F500B28EEF /* LaunchScreen.storyboard */ = {
			isa = PBXVariantGroup;
			children = (
				31B2171E1FF8D0F500B28EEF /* Base */,
			);
			name = LaunchScreen.storyboard;
			sourceTree = "<group>";
		};
/* End PBXVariantGroup section */

/* Begin XCBuildConfiguration section */
		31B217371FF8D0F600B28EEF /* Debug */ = {
			isa = XCBuildConfiguration;
			buildSettings = {
				ALWAYS_SEARCH_USER_PATHS = NO;
				CLANG_ANALYZER_NONNULL = YES;
				CLANG_ANALYZER_NUMBER_OBJECT_CONVERSION = YES_AGGRESSIVE;
				CLANG_CXX_LANGUAGE_STANDARD = "gnu++0x";
				CLANG_CXX_LIBRARY = "libc++";
				CLANG_ENABLE_MODULES = YES;
				CLANG_ENABLE_OBJC_ARC = YES;
				CLANG_WARN_BOOL_CONVERSION = YES;
				CLANG_WARN_CONSTANT_CONVERSION = YES;
				CLANG_WARN_DIRECT_OBJC_ISA_USAGE = YES_ERROR;
				CLANG_WARN_DOCUMENTATION_COMMENTS = YES;
				CLANG_WARN_EMPTY_BODY = YES;
				CLANG_WARN_ENUM_CONVERSION = YES;
				CLANG_WARN_INFINITE_RECURSION = YES;
				CLANG_WARN_INT_CONVERSION = YES;
				CLANG_WARN_OBJC_ROOT_CLASS = YES_ERROR;
				CLANG_WARN_SUSPICIOUS_MOVE = YES;
				CLANG_WARN_UNREACHABLE_CODE = YES;
				CLANG_WARN__DUPLICATE_METHOD_MATCH = YES;
				"CODE_SIGN_IDENTITY[sdk=iphoneos*]" = "iPhone Developer";
				COPY_PHASE_STRIP = NO;
				DEBUG_INFORMATION_FORMAT = dwarf;
				ENABLE_STRICT_OBJC_MSGSEND = YES;
				ENABLE_TESTABILITY = YES;
				GCC_C_LANGUAGE_STANDARD = gnu99;
				GCC_DYNAMIC_NO_PIC = NO;
				GCC_NO_COMMON_BLOCKS = YES;
				GCC_OPTIMIZATION_LEVEL = 0;
				GCC_PREPROCESSOR_DEFINITIONS = (
					"DEBUG=1",
					"$(inherited)",
				);
				GCC_WARN_64_TO_32_BIT_CONVERSION = YES;
				GCC_WARN_ABOUT_RETURN_TYPE = YES_ERROR;
				GCC_WARN_UNDECLARED_SELECTOR = YES;
				GCC_WARN_UNINITIALIZED_AUTOS = YES_AGGRESSIVE;
				GCC_WARN_UNUSED_FUNCTION = YES;
				GCC_WARN_UNUSED_VARIABLE = YES;
				IPHONEOS_DEPLOYMENT_TARGET = 10.3;
				MTL_ENABLE_DEBUG_INFO = YES;
				ONLY_ACTIVE_ARCH = YES;
				SDKROOT = iphoneos;
				SWIFT_ACTIVE_COMPILATION_CONDITIONS = DEBUG;
				SWIFT_OPTIMIZATION_LEVEL = "-Onone";
				TARGETED_DEVICE_FAMILY = "1,2";
			};
			name = Debug;
		};
		31B217381FF8D0F600B28EEF /* Release */ = {
			isa = XCBuildConfiguration;
			buildSettings = {
				ALWAYS_SEARCH_USER_PATHS = NO;
				CLANG_ANALYZER_NONNULL = YES;
				CLANG_ANALYZER_NUMBER_OBJECT_CONVERSION = YES_AGGRESSIVE;
				CLANG_CXX_LANGUAGE_STANDARD = "gnu++0x";
				CLANG_CXX_LIBRARY = "libc++";
				CLANG_ENABLE_MODULES = YES;
				CLANG_ENABLE_OBJC_ARC = YES;
				CLANG_WARN_BOOL_CONVERSION = YES;
				CLANG_WARN_CONSTANT_CONVERSION = YES;
				CLANG_WARN_DIRECT_OBJC_ISA_USAGE = YES_ERROR;
				CLANG_WARN_DOCUMENTATION_COMMENTS = YES;
				CLANG_WARN_EMPTY_BODY = YES;
				CLANG_WARN_ENUM_CONVERSION = YES;
				CLANG_WARN_INFINITE_RECURSION = YES;
				CLANG_WARN_INT_CONVERSION = YES;
				CLANG_WARN_OBJC_ROOT_CLASS = YES_ERROR;
				CLANG_WARN_SUSPICIOUS_MOVE = YES;
				CLANG_WARN_UNREACHABLE_CODE = YES;
				CLANG_WARN__DUPLICATE_METHOD_MATCH = YES;
				"CODE_SIGN_IDENTITY[sdk=iphoneos*]" = "iPhone Developer";
				COPY_PHASE_STRIP = NO;
				DEBUG_INFORMATION_FORMAT = "dwarf-with-dsym";
				ENABLE_NS_ASSERTIONS = NO;
				ENABLE_STRICT_OBJC_MSGSEND = YES;
				GCC_C_LANGUAGE_STANDARD = gnu99;
				GCC_NO_COMMON_BLOCKS = YES;
				GCC_WARN_64_TO_32_BIT_CONVERSION = YES;
				GCC_WARN_ABOUT_RETURN_TYPE = YES_ERROR;
				GCC_WARN_UNDECLARED_SELECTOR = YES;
				GCC_WARN_UNINITIALIZED_AUTOS = YES_AGGRESSIVE;
				GCC_WARN_UNUSED_FUNCTION = YES;
				GCC_WARN_UNUSED_VARIABLE = YES;
				IPHONEOS_DEPLOYMENT_TARGET = 10.3;
				MTL_ENABLE_DEBUG_INFO = NO;
				SDKROOT = iphoneos;
				SWIFT_OPTIMIZATION_LEVEL = "-Owholemodule";
				TARGETED_DEVICE_FAMILY = "1,2";
				VALIDATE_PRODUCT = YES;
			};
			name = Release;
		};
		31B2173A1FF8D0F600B28EEF /* Debug */ = {
			isa = XCBuildConfiguration;
			buildSettings = {
				ASSETCATALOG_COMPILER_APPICON_NAME = AppIcon;
				INFOPLIST_FILE = SecondKadaiApp/Info.plist;
				LD_RUNPATH_SEARCH_PATHS = "$(inherited) @executable_path/Frameworks";
				PRODUCT_BUNDLE_IDENTIFIER = jp.techacademy.tatsuki.oonishi.SecondKadaiApp;
				PRODUCT_NAME = "$(TARGET_NAME)";
				SWIFT_VERSION = 3.0;
			};
			name = Debug;
		};
		31B2173B1FF8D0F600B28EEF /* Release */ = {
			isa = XCBuildConfiguration;
			buildSettings = {
				ASSETCATALOG_COMPILER_APPICON_NAME = AppIcon;
				INFOPLIST_FILE = SecondKadaiApp/Info.plist;
				LD_RUNPATH_SEARCH_PATHS = "$(inherited) @executable_path/Frameworks";
				PRODUCT_BUNDLE_IDENTIFIER = jp.techacademy.tatsuki.oonishi.SecondKadaiApp;
				PRODUCT_NAME = "$(TARGET_NAME)";
				SWIFT_VERSION = 3.0;
			};
			name = Release;
		};
		31B2173D1FF8D0F600B28EEF /* Debug */ = {
			isa = XCBuildConfiguration;
			buildSettings = {
				ALWAYS_EMBED_SWIFT_STANDARD_LIBRARIES = YES;
				BUNDLE_LOADER = "$(TEST_HOST)";
				INFOPLIST_FILE = SecondKadaiAppTests/Info.plist;
				LD_RUNPATH_SEARCH_PATHS = "$(inherited) @executable_path/Frameworks @loader_path/Frameworks";
				PRODUCT_BUNDLE_IDENTIFIER = jp.techacademy.tatsuki.oonishi.SecondKadaiAppTests;
				PRODUCT_NAME = "$(TARGET_NAME)";
				SWIFT_VERSION = 3.0;
				TEST_HOST = "$(BUILT_PRODUCTS_DIR)/SecondKadaiApp.app/SecondKadaiApp";
			};
			name = Debug;
		};
		31B2173E1FF8D0F600B28EEF /* Release */ = {
			isa = XCBuildConfiguration;
			buildSettings = {
				ALWAYS_EMBED_SWIFT_STANDARD_LIBRARIES = YES;
				BUNDLE_LOADER = "$(TEST_HOST)";
				INFOPLIST_FILE = SecondKadaiAppTests/Info.plist;
				LD_RUNPATH_SEARCH_PATHS = "$(inherited) @executable_path/Frameworks @loader_path/Frameworks";
				PRODUCT_BUNDLE_IDENTIFIER = jp.techacademy.tatsuki.oonishi.SecondKadaiAppTests;
				PRODUCT_NAME = "$(TARGET_NAME)";
				SWIFT_VERSION = 3.0;
				TEST_HOST = "$(BUILT_PRODUCTS_DIR)/SecondKadaiApp.app/SecondKadaiApp";
			};
			name = Release;
		};
		31B217401FF8D0F600B28EEF /* Debug */ = {
			isa = XCBuildConfiguration;
			buildSettings = {
				ALWAYS_EMBED_SWIFT_STANDARD_LIBRARIES = YES;
				INFOPLIST_FILE = SecondKadaiAppUITests/Info.plist;
				LD_RUNPATH_SEARCH_PATHS = "$(inherited) @executable_path/Frameworks @loader_path/Frameworks";
				PRODUCT_BUNDLE_IDENTIFIER = jp.techacademy.tatsuki.oonishi.SecondKadaiAppUITests;
				PRODUCT_NAME = "$(TARGET_NAME)";
				SWIFT_VERSION = 3.0;
				TEST_TARGET_NAME = SecondKadaiApp;
			};
			name = Debug;
		};
		31B217411FF8D0F600B28EEF /* Release */ = {
			isa = XCBuildConfiguration;
			buildSettings = {
				ALWAYS_EMBED_SWIFT_STANDARD_LIBRARIES = YES;
				INFOPLIST_FILE = SecondKadaiAppUITests/Info.plist;
				LD_RUNPATH_SEARCH_PATHS = "$(inherited) @executable_path/Frameworks @loader_path/Frameworks";
				PRODUCT_BUNDLE_IDENTIFIER = jp.techacademy.tatsuki.oonishi.SecondKadaiAppUITests;
				PRODUCT_NAME = "$(TARGET_NAME)";
				SWIFT_VERSION = 3.0;
				TEST_TARGET_NAME = SecondKadaiApp;
			};
			name = Release;
		};
/* End XCBuildConfiguration section */

/* Begin XCConfigurationList section */
		31B2170C1FF8D0F500B28EEF /* Build configuration list for PBXProject "SecondKadaiApp" */ = {
			isa = XCConfigurationList;
			buildConfigurations = (
				31B217371FF8D0F600B28EEF /* Debug */,
				31B217381FF8D0F600B28EEF /* Release */,
			);
			defaultConfigurationIsVisible = 0;
			defaultConfigurationName = Release;
		};
		31B217391FF8D0F600B28EEF /* Build configuration list for PBXNativeTarget "SecondKadaiApp" */ = {
			isa = XCConfigurationList;
			buildConfigurations = (
				31B2173A1FF8D0F600B28EEF /* Debug */,
				31B2173B1FF8D0F600B28EEF /* Release */,
			);
			defaultConfigurationIsVisible = 0;
		};
		31B2173C1FF8D0F600B28EEF /* Build configuration list for PBXNativeTarget "SecondKadaiAppTests" */ = {
			isa = XCConfigurationList;
			buildConfigurations = (
				31B2173D1FF8D0F600B28EEF /* Debug */,
				31B2173E1FF8D0F600B28EEF /* Release */,
			);
			defaultConfigurationIsVisible = 0;
		};
		31B2173F1FF8D0F600B28EEF /* Build configuration list for PBXNativeTarget "SecondKadaiAppUITests" */ = {
			isa = XCConfigurationList;
			buildConfigurations = (
				31B217401FF8D0F600B28EEF /* Debug */,
				31B217411FF8D0F600B28EEF /* Release */,
			);
			defaultConfigurationIsVisible = 0;
		};
/* End XCConfigurationList section */
	};
	rootObject = 31B217091FF8D0F500B28EEF /* Project object */;
}
